
Microsoft Visual Studio Solution File, Format Version 12.00
# Visual Studio Version 16
VisualStudioVersion = 16.0.31424.327
MinimumVisualStudioVersion = 10.0.40219.1
Project("{FAE04EC0-301F-11D3-BF4B-00C04F79EFBC}") = "murzaev", "murzaev.csproj", "{BB427F38-DEAC-4BA3-AFC2-16D1FD051B19}"
EndProject
Global
	GlobalSection(SolutionConfigurationPlatforms) = preSolution
		Debug|Any CPU = Debug|Any CPU
		Release|Any CPU = Release|Any CPU
	EndGlobalSection
	GlobalSection(ProjectConfigurationPlatforms) = postSolution
		{BB427F38-DEAC-4BA3-AFC2-16D1FD051B19}.Debug|Any CPU.ActiveCfg = Debug|Any CPU
		{BB427F38-DEAC-4BA3-AFC2-16D1FD051B19}.Debug|Any CPU.Build.0 = Debug|Any CPU
		{BB427F38-DEAC-4BA3-AFC2-16D1FD051B19}.Release|Any CPU.ActiveCfg = Release|Any CPU
		{BB427F38-DEAC-4BA3-AFC2-16D1FD051B19}.Release|Any CPU.Build.0 = Release|Any CPU
	EndGlobalSection
	GlobalSection(SolutionProperties) = preSolution
		HideSolutionNode = FALSE
	EndGlobalSection
	GlobalSection(ExtensibilityGlobals) = postSolution
		SolutionGuid = {FE2A018F-347E-437B-8C64-FA02D60C39DB}
	EndGlobalSection
EndGlobal
